# This file is automatically @generated by Cargo.
# It is not intended for manual editing.
version = 4

[[package]]
name = "core"
version = "0.1.0"

[[package]]
name = "desktop"
version = "0.1.0"
dependencies = [
 "core",
 "graph",
 "image",
 "ops",
]

[[package]]
name = "graph"
version = "0.1.0"
dependencies = [
 "core",
 "image",
]

[[package]]
name = "image"
version = "0.1.0"
dependencies = [
 "core",
]

[[package]]
name = "ops"
version = "0.1.0"
dependencies = [
 "graph",
 "image",
]
